// !$*UTF8*$!
{
	archiveVersion = 1;
	classes = {
	};
	objectVersion = 51;
	objects = {

/* Begin PBXBuildFile section */
		2C5446E82349B589083329CD /* Pods_EmployeeRecord.framework in Frameworks */ = {isa = PBXBuildFile; fileRef = B4EEC5609DA3B6827C9CE427 /* Pods_EmployeeRecord.framework */; };
		5624DC4A39EC0D84F8812EEC /* Pods_EmployeeRecordTests.framework in Frameworks */ = {isa = PBXBuildFile; fileRef = 3083ED939D28C8A6B4EC3259 /* Pods_EmployeeRecordTests.framework */; };
		A80995F626BE72C90071A183 /* EmployeesVC.swift in Sources */ = {isa = PBXBuildFile; fileRef = A80995F526BE72C90071A183 /* EmployeesVC.swift */; };
		A80995F926BE7DAC0071A183 /* DefaultTableViewCell.swift in Sources */ = {isa = PBXBuildFile; fileRef = A80995F826BE7DAC0071A183 /* DefaultTableViewCell.swift */; };
		A80995FB26BE7E4C0071A183 /* EmployeeCell.swift in Sources */ = {isa = PBXBuildFile; fileRef = A80995FA26BE7E4C0071A183 /* EmployeeCell.swift */; };
		A80995FD26BE7FF20071A183 /* NewEmployeeVC.swift in Sources */ = {isa = PBXBuildFile; fileRef = A80995FC26BE7FF20071A183 /* NewEmployeeVC.swift */; };
		A80995FF26BE807C0071A183 /* BaseVC.swift in Sources */ = {isa = PBXBuildFile; fileRef = A80995FE26BE807C0071A183 /* BaseVC.swift */; };
		A80DF02726C18096000064A1 /* BestSellerItem.swift in Sources */ = {isa = PBXBuildFile; fileRef = A80DF02626C18096000064A1 /* BestSellerItem.swift */; };
		A80DF02926C180AC000064A1 /* BookItem.swift in Sources */ = {isa = PBXBuildFile; fileRef = A80DF02826C180AC000064A1 /* BookItem.swift */; };
		A81068D526C4250A00F31FC8 /* BookWithCoverCell.swift in Sources */ = {isa = PBXBuildFile; fileRef = A81068D426C4250A00F31FC8 /* BookWithCoverCell.swift */; };
		A856641826BE6B95000FE02F /* AppDelegate.swift in Sources */ = {isa = PBXBuildFile; fileRef = A856641726BE6B95000FE02F /* AppDelegate.swift */; };
		A856641C26BE6B95000FE02F /* ViewController.swift in Sources */ = {isa = PBXBuildFile; fileRef = A856641B26BE6B95000FE02F /* ViewController.swift */; };
		A856641F26BE6B95000FE02F /* Main.storyboard in Resources */ = {isa = PBXBuildFile; fileRef = A856641D26BE6B95000FE02F /* Main.storyboard */; };
		A856642126BE6B9B000FE02F /* Assets.xcassets in Resources */ = {isa = PBXBuildFile; fileRef = A856642026BE6B9B000FE02F /* Assets.xcassets */; };
		A856642426BE6B9B000FE02F /* LaunchScreen.storyboard in Resources */ = {isa = PBXBuildFile; fileRef = A856642226BE6B9B000FE02F /* LaunchScreen.storyboard */; };
		A856642F26BE6B9B000FE02F /* EmployeeRecordTests.swift in Sources */ = {isa = PBXBuildFile; fileRef = A856642E26BE6B9B000FE02F /* EmployeeRecordTests.swift */; };
		A856643A26BE6B9B000FE02F /* EmployeeRecordUITests.swift in Sources */ = {isa = PBXBuildFile; fileRef = A856643926BE6B9B000FE02F /* EmployeeRecordUITests.swift */; };
		A878F81926BE970D008109A7 /* AppManager.swift in Sources */ = {isa = PBXBuildFile; fileRef = A878F81826BE970D008109A7 /* AppManager.swift */; };
		A878F81B26BE971E008109A7 /* Util.swift in Sources */ = {isa = PBXBuildFile; fileRef = A878F81A26BE971E008109A7 /* Util.swift */; };
		A8A0D3C626C12B820025D233 /* BooksVC.swift in Sources */ = {isa = PBXBuildFile; fileRef = A8A0D3C526C12B820025D233 /* BooksVC.swift */; };
		A8D90BD826BF654900D52138 /* Employee.swift in Sources */ = {isa = PBXBuildFile; fileRef = A8D90BD726BF654900D52138 /* Employee.swift */; };
		A8D90BDA26BF67A600D52138 /* Extensions.swift in Sources */ = {isa = PBXBuildFile; fileRef = A8D90BD926BF67A600D52138 /* Extensions.swift */; };
		A8D90BDE26BF7A0D00D52138 /* BaseModel.swift in Sources */ = {isa = PBXBuildFile; fileRef = A8D90BDD26BF7A0D00D52138 /* BaseModel.swift */; };
		A8D90BE026BF7BDC00D52138 /* EmployeeItem.swift in Sources */ = {isa = PBXBuildFile; fileRef = A8D90BDF26BF7BDC00D52138 /* EmployeeItem.swift */; };
		A8D90BE326BF7DBF00D52138 /* DataManager.swift in Sources */ = {isa = PBXBuildFile; fileRef = A8D90BE226BF7DBF00D52138 /* DataManager.swift */; };
		A8D90BE526BFDBC500D52138 /* APITarget.swift in Sources */ = {isa = PBXBuildFile; fileRef = A8D90BE426BFDBC400D52138 /* APITarget.swift */; };
		A8D90BE726BFDC6B00D52138 /* APIService.swift in Sources */ = {isa = PBXBuildFile; fileRef = A8D90BE626BFDC6B00D52138 /* APIService.swift */; };
		A8D90BE926BFE48400D52138 /* BestSeller.swift in Sources */ = {isa = PBXBuildFile; fileRef = A8D90BE826BFE48400D52138 /* BestSeller.swift */; };
		A8D90BEB26BFE9DA00D52138 /* Book.swift in Sources */ = {isa = PBXBuildFile; fileRef = A8D90BEA26BFE9DA00D52138 /* Book.swift */; };
		A8D90BED26BFF27300D52138 /* BestSellersVC.swift in Sources */ = {isa = PBXBuildFile; fileRef = A8D90BEC26BFF27300D52138 /* BestSellersVC.swift */; };
		A8DE3DFE26C3BF040089FB95 /* Top5BooksVC.swift in Sources */ = {isa = PBXBuildFile; fileRef = A8DE3DFD26C3BF030089FB95 /* Top5BooksVC.swift */; };
		A8F8804826C20837003672C4 /* ProvincesVC.swift in Sources */ = {isa = PBXBuildFile; fileRef = A8F8804726C20837003672C4 /* ProvincesVC.swift */; };
		CCFBF03D6863B650C467C943 /* Pods_EmployeeRecord_EmployeeRecordUITests.framework in Frameworks */ = {isa = PBXBuildFile; fileRef = ABC88938B473B8CF0BDD1720 /* Pods_EmployeeRecord_EmployeeRecordUITests.framework */; };
/* End PBXBuildFile section */

/* Begin PBXContainerItemProxy section */
		A856642B26BE6B9B000FE02F /* PBXContainerItemProxy */ = {
			isa = PBXContainerItemProxy;
			containerPortal = A856640C26BE6B95000FE02F /* Project object */;
			proxyType = 1;
			remoteGlobalIDString = A856641326BE6B95000FE02F;
			remoteInfo = EmployeeRecord;
		};
		A856643626BE6B9B000FE02F /* PBXContainerItemProxy */ = {
			isa = PBXContainerItemProxy;
			containerPortal = A856640C26BE6B95000FE02F /* Project object */;
			proxyType = 1;
			remoteGlobalIDString = A856641326BE6B95000FE02F;
			remoteInfo = EmployeeRecord;
		};
/* End PBXContainerItemProxy section */

/* Begin PBXFileReference section */
		0651A8C3773B8CA9AB31670F /* Pods-EmployeeRecord-EmployeeRecordUITests.debug.xcconfig */ = {isa = PBXFileReference; includeInIndex = 1; lastKnownFileType = text.xcconfig; name = "Pods-EmployeeRecord-EmployeeRecordUITests.debug.xcconfig"; path = "Target Support Files/Pods-EmployeeRecord-EmployeeRecordUITests/Pods-EmployeeRecord-EmployeeRecordUITests.debug.xcconfig"; sourceTree = "<group>"; };
		10504DFE0060C306111323AF /* Pods-EmployeeRecordTests.debug.xcconfig */ = {isa = PBXFileReference; includeInIndex = 1; lastKnownFileType = text.xcconfig; name = "Pods-EmployeeRecordTests.debug.xcconfig"; path = "Target Support Files/Pods-EmployeeRecordTests/Pods-EmployeeRecordTests.debug.xcconfig"; sourceTree = "<group>"; };
		3083ED939D28C8A6B4EC3259 /* Pods_EmployeeRecordTests.framework */ = {isa = PBXFileReference; explicitFileType = wrapper.framework; includeInIndex = 0; path = Pods_EmployeeRecordTests.framework; sourceTree = BUILT_PRODUCTS_DIR; };
		754730D0B709FBDF9649B14F /* Pods-EmployeeRecord.debug.xcconfig */ = {isa = PBXFileReference; includeInIndex = 1; lastKnownFileType = text.xcconfig; name = "Pods-EmployeeRecord.debug.xcconfig"; path = "Target Support Files/Pods-EmployeeRecord/Pods-EmployeeRecord.debug.xcconfig"; sourceTree = "<group>"; };
		7E5427CF46711E17676D814C /* Pods-EmployeeRecordTests.release.xcconfig */ = {isa = PBXFileReference; includeInIndex = 1; lastKnownFileType = text.xcconfig; name = "Pods-EmployeeRecordTests.release.xcconfig"; path = "Target Support Files/Pods-EmployeeRecordTests/Pods-EmployeeRecordTests.release.xcconfig"; sourceTree = "<group>"; };
		9E7D28DD160ABD9615AECDA6 /* Pods-EmployeeRecord.release.xcconfig */ = {isa = PBXFileReference; includeInIndex = 1; lastKnownFileType = text.xcconfig; name = "Pods-EmployeeRecord.release.xcconfig"; path = "Target Support Files/Pods-EmployeeRecord/Pods-EmployeeRecord.release.xcconfig"; sourceTree = "<group>"; };
		A80995F526BE72C90071A183 /* EmployeesVC.swift */ = {isa = PBXFileReference; lastKnownFileType = sourcecode.swift; path = EmployeesVC.swift; sourceTree = "<group>"; };
		A80995F826BE7DAC0071A183 /* DefaultTableViewCell.swift */ = {isa = PBXFileReference; lastKnownFileType = sourcecode.swift; path = DefaultTableViewCell.swift; sourceTree = "<group>"; };
		A80995FA26BE7E4C0071A183 /* EmployeeCell.swift */ = {isa = PBXFileReference; lastKnownFileType = sourcecode.swift; path = EmployeeCell.swift; sourceTree = "<group>"; };
		A80995FC26BE7FF20071A183 /* NewEmployeeVC.swift */ = {isa = PBXFileReference; lastKnownFileType = sourcecode.swift; path = NewEmployeeVC.swift; sourceTree = "<group>"; };
		A80995FE26BE807C0071A183 /* BaseVC.swift */ = {isa = PBXFileReference; lastKnownFileType = sourcecode.swift; path = BaseVC.swift; sourceTree = "<group>"; };
		A80DF02626C18096000064A1 /* BestSellerItem.swift */ = {isa = PBXFileReference; lastKnownFileType = sourcecode.swift; path = BestSellerItem.swift; sourceTree = "<group>"; };
		A80DF02826C180AC000064A1 /* BookItem.swift */ = {isa = PBXFileReference; lastKnownFileType = sourcecode.swift; path = BookItem.swift; sourceTree = "<group>"; };
		A81068D426C4250A00F31FC8 /* BookWithCoverCell.swift */ = {isa = PBXFileReference; lastKnownFileType = sourcecode.swift; path = BookWithCoverCell.swift; sourceTree = "<group>"; };
		A856641426BE6B95000FE02F /* EmployeeRecord.app */ = {isa = PBXFileReference; explicitFileType = wrapper.application; includeInIndex = 0; path = EmployeeRecord.app; sourceTree = BUILT_PRODUCTS_DIR; };
		A856641726BE6B95000FE02F /* AppDelegate.swift */ = {isa = PBXFileReference; lastKnownFileType = sourcecode.swift; path = AppDelegate.swift; sourceTree = "<group>"; };
		A856641B26BE6B95000FE02F /* ViewController.swift */ = {isa = PBXFileReference; lastKnownFileType = sourcecode.swift; path = ViewController.swift; sourceTree = "<group>"; };
		A856641E26BE6B95000FE02F /* Base */ = {isa = PBXFileReference; lastKnownFileType = file.storyboard; name = Base; path = Base.lproj/Main.storyboard; sourceTree = "<group>"; };
		A856642026BE6B9B000FE02F /* Assets.xcassets */ = {isa = PBXFileReference; lastKnownFileType = folder.assetcatalog; path = Assets.xcassets; sourceTree = "<group>"; };
		A856642326BE6B9B000FE02F /* Base */ = {isa = PBXFileReference; lastKnownFileType = file.storyboard; name = Base; path = Base.lproj/LaunchScreen.storyboard; sourceTree = "<group>"; };
		A856642526BE6B9B000FE02F /* Info.plist */ = {isa = PBXFileReference; lastKnownFileType = text.plist.xml; path = Info.plist; sourceTree = "<group>"; };
		A856642A26BE6B9B000FE02F /* EmployeeRecordTests.xctest */ = {isa = PBXFileReference; explicitFileType = wrapper.cfbundle; includeInIndex = 0; path = EmployeeRecordTests.xctest; sourceTree = BUILT_PRODUCTS_DIR; };
		A856642E26BE6B9B000FE02F /* EmployeeRecordTests.swift */ = {isa = PBXFileReference; lastKnownFileType = sourcecode.swift; path = EmployeeRecordTests.swift; sourceTree = "<group>"; };
		A856643026BE6B9B000FE02F /* Info.plist */ = {isa = PBXFileReference; lastKnownFileType = text.plist.xml; path = Info.plist; sourceTree = "<group>"; };
		A856643526BE6B9B000FE02F /* EmployeeRecordUITests.xctest */ = {isa = PBXFileReference; explicitFileType = wrapper.cfbundle; includeInIndex = 0; path = EmployeeRecordUITests.xctest; sourceTree = BUILT_PRODUCTS_DIR; };
		A856643926BE6B9B000FE02F /* EmployeeRecordUITests.swift */ = {isa = PBXFileReference; lastKnownFileType = sourcecode.swift; path = EmployeeRecordUITests.swift; sourceTree = "<group>"; };
		A856643B26BE6B9B000FE02F /* Info.plist */ = {isa = PBXFileReference; lastKnownFileType = text.plist.xml; path = Info.plist; sourceTree = "<group>"; };
		A878F81826BE970D008109A7 /* AppManager.swift */ = {isa = PBXFileReference; fileEncoding = 4; lastKnownFileType = sourcecode.swift; path = AppManager.swift; sourceTree = "<group>"; };
		A878F81A26BE971E008109A7 /* Util.swift */ = {isa = PBXFileReference; lastKnownFileType = sourcecode.swift; path = Util.swift; sourceTree = "<group>"; };
		A8A0D3C526C12B820025D233 /* BooksVC.swift */ = {isa = PBXFileReference; lastKnownFileType = sourcecode.swift; path = BooksVC.swift; sourceTree = "<group>"; };
		A8D90BD726BF654900D52138 /* Employee.swift */ = {isa = PBXFileReference; lastKnownFileType = sourcecode.swift; path = Employee.swift; sourceTree = "<group>"; };
		A8D90BD926BF67A600D52138 /* Extensions.swift */ = {isa = PBXFileReference; lastKnownFileType = sourcecode.swift; path = Extensions.swift; sourceTree = "<group>"; };
		A8D90BDD26BF7A0D00D52138 /* BaseModel.swift */ = {isa = PBXFileReference; lastKnownFileType = sourcecode.swift; path = BaseModel.swift; sourceTree = "<group>"; };
		A8D90BDF26BF7BDC00D52138 /* EmployeeItem.swift */ = {isa = PBXFileReference; lastKnownFileType = sourcecode.swift; path = EmployeeItem.swift; sourceTree = "<group>"; };
		A8D90BE226BF7DBF00D52138 /* DataManager.swift */ = {isa = PBXFileReference; lastKnownFileType = sourcecode.swift; path = DataManager.swift; sourceTree = "<group>"; };
		A8D90BE426BFDBC400D52138 /* APITarget.swift */ = {isa = PBXFileReference; lastKnownFileType = sourcecode.swift; path = APITarget.swift; sourceTree = "<group>"; };
		A8D90BE626BFDC6B00D52138 /* APIService.swift */ = {isa = PBXFileReference; lastKnownFileType = sourcecode.swift; path = APIService.swift; sourceTree = "<group>"; };
		A8D90BE826BFE48400D52138 /* BestSeller.swift */ = {isa = PBXFileReference; lastKnownFileType = sourcecode.swift; path = BestSeller.swift; sourceTree = "<group>"; };
		A8D90BEA26BFE9DA00D52138 /* Book.swift */ = {isa = PBXFileReference; lastKnownFileType = sourcecode.swift; path = Book.swift; sourceTree = "<group>"; };
		A8D90BEC26BFF27300D52138 /* BestSellersVC.swift */ = {isa = PBXFileReference; lastKnownFileType = sourcecode.swift; path = BestSellersVC.swift; sourceTree = "<group>"; };
		A8DE3DFD26C3BF030089FB95 /* Top5BooksVC.swift */ = {isa = PBXFileReference; lastKnownFileType = sourcecode.swift; path = Top5BooksVC.swift; sourceTree = "<group>"; };
		A8F8804726C20837003672C4 /* ProvincesVC.swift */ = {isa = PBXFileReference; lastKnownFileType = sourcecode.swift; path = ProvincesVC.swift; sourceTree = "<group>"; };
		ABC88938B473B8CF0BDD1720 /* Pods_EmployeeRecord_EmployeeRecordUITests.framework */ = {isa = PBXFileReference; explicitFileType = wrapper.framework; includeInIndex = 0; path = Pods_EmployeeRecord_EmployeeRecordUITests.framework; sourceTree = BUILT_PRODUCTS_DIR; };
		B4EEC5609DA3B6827C9CE427 /* Pods_EmployeeRecord.framework */ = {isa = PBXFileReference; explicitFileType = wrapper.framework; includeInIndex = 0; path = Pods_EmployeeRecord.framework; sourceTree = BUILT_PRODUCTS_DIR; };
		E820F46AFF8B51A8676223B4 /* Pods-EmployeeRecord-EmployeeRecordUITests.release.xcconfig */ = {isa = PBXFileReference; includeInIndex = 1; lastKnownFileType = text.xcconfig; name = "Pods-EmployeeRecord-EmployeeRecordUITests.release.xcconfig"; path = "Target Support Files/Pods-EmployeeRecord-EmployeeRecordUITests/Pods-EmployeeRecord-EmployeeRecordUITests.release.xcconfig"; sourceTree = "<group>"; };
/* End PBXFileReference section */

/* Begin PBXFrameworksBuildPhase section */
		A856641126BE6B95000FE02F /* Frameworks */ = {
			isa = PBXFrameworksBuildPhase;
			buildActionMask = 2147483647;
			files = (
				2C5446E82349B589083329CD /* Pods_EmployeeRecord.framework in Frameworks */,
			);
			runOnlyForDeploymentPostprocessing = 0;
		};
		A856642726BE6B9B000FE02F /* Frameworks */ = {
			isa = PBXFrameworksBuildPhase;
			buildActionMask = 2147483647;
			files = (
				5624DC4A39EC0D84F8812EEC /* Pods_EmployeeRecordTests.framework in Frameworks */,
			);
			runOnlyForDeploymentPostprocessing = 0;
		};
		A856643226BE6B9B000FE02F /* Frameworks */ = {
			isa = PBXFrameworksBuildPhase;
			buildActionMask = 2147483647;
			files = (
				CCFBF03D6863B650C467C943 /* Pods_EmployeeRecord_EmployeeRecordUITests.framework in Frameworks */,
			);
			runOnlyForDeploymentPostprocessing = 0;
		};
/* End PBXFrameworksBuildPhase section */

/* Begin PBXGroup section */
		A80995F126BE71EE0071A183 /* VC */ = {
			isa = PBXGroup;
			children = (
				A80995F526BE72C90071A183 /* EmployeesVC.swift */,
				A80995FC26BE7FF20071A183 /* NewEmployeeVC.swift */,
				A80995FE26BE807C0071A183 /* BaseVC.swift */,
				A8D90BEC26BFF27300D52138 /* BestSellersVC.swift */,
				A8A0D3C526C12B820025D233 /* BooksVC.swift */,
				A8F8804726C20837003672C4 /* ProvincesVC.swift */,
				A8DE3DFD26C3BF030089FB95 /* Top5BooksVC.swift */,
			);
			path = VC;
			sourceTree = "<group>";
		};
		A80995F326BE720B0071A183 /* Model */ = {
			isa = PBXGroup;
			children = (
				A8D90BE126BF7BEF00D52138 /* RealmModel */,
				A8D90BD726BF654900D52138 /* Employee.swift */,
				A8D90BDD26BF7A0D00D52138 /* BaseModel.swift */,
				A8D90BE826BFE48400D52138 /* BestSeller.swift */,
				A8D90BEA26BFE9DA00D52138 /* Book.swift */,
			);
			path = Model;
			sourceTree = "<group>";
		};
		A80995F426BE72690071A183 /* Service */ = {
			isa = PBXGroup;
			children = (
				A8D90BE426BFDBC400D52138 /* APITarget.swift */,
				A8D90BE626BFDC6B00D52138 /* APIService.swift */,
			);
			path = Service;
			sourceTree = "<group>";
		};
		A80995F726BE7D850071A183 /* Cell */ = {
			isa = PBXGroup;
			children = (
				A80995F826BE7DAC0071A183 /* DefaultTableViewCell.swift */,
				A80995FA26BE7E4C0071A183 /* EmployeeCell.swift */,
				A81068D426C4250A00F31FC8 /* BookWithCoverCell.swift */,
			);
			path = Cell;
			sourceTree = "<group>";
		};
		A856640B26BE6B95000FE02F = {
			isa = PBXGroup;
			children = (
				A856641626BE6B95000FE02F /* EmployeeRecord */,
				A856642D26BE6B9B000FE02F /* EmployeeRecordTests */,
				A856643826BE6B9B000FE02F /* EmployeeRecordUITests */,
				A856641526BE6B95000FE02F /* Products */,
				EF1DE1F74B2C75D1ED4379DB /* Pods */,
				FDC2C30531467F598D3D7393 /* Frameworks */,
			);
			sourceTree = "<group>";
		};
		A856641526BE6B95000FE02F /* Products */ = {
			isa = PBXGroup;
			children = (
				A856641426BE6B95000FE02F /* EmployeeRecord.app */,
				A856642A26BE6B9B000FE02F /* EmployeeRecordTests.xctest */,
				A856643526BE6B9B000FE02F /* EmployeeRecordUITests.xctest */,
			);
			name = Products;
			sourceTree = "<group>";
		};
		A856641626BE6B95000FE02F /* EmployeeRecord */ = {
			isa = PBXGroup;
			children = (
				A856642526BE6B9B000FE02F /* Info.plist */,
				A856641726BE6B95000FE02F /* AppDelegate.swift */,
				A856641B26BE6B95000FE02F /* ViewController.swift */,
				A856642026BE6B9B000FE02F /* Assets.xcassets */,
				A80995F726BE7D850071A183 /* Cell */,
				A856642226BE6B9B000FE02F /* LaunchScreen.storyboard */,
				A856641D26BE6B95000FE02F /* Main.storyboard */,
				A80995F326BE720B0071A183 /* Model */,
				A80995F426BE72690071A183 /* Service */,
				A878F81726BE970D008109A7 /* Utils */,
				A80995F126BE71EE0071A183 /* VC */,
			);
			path = EmployeeRecord;
			sourceTree = "<group>";
		};
		A856642D26BE6B9B000FE02F /* EmployeeRecordTests */ = {
			isa = PBXGroup;
			children = (
				A856642E26BE6B9B000FE02F /* EmployeeRecordTests.swift */,
				A856643026BE6B9B000FE02F /* Info.plist */,
			);
			path = EmployeeRecordTests;
			sourceTree = "<group>";
		};
		A856643826BE6B9B000FE02F /* EmployeeRecordUITests */ = {
			isa = PBXGroup;
			children = (
				A856643926BE6B9B000FE02F /* EmployeeRecordUITests.swift */,
				A856643B26BE6B9B000FE02F /* Info.plist */,
			);
			path = EmployeeRecordUITests;
			sourceTree = "<group>";
		};
		A878F81726BE970D008109A7 /* Utils */ = {
			isa = PBXGroup;
			children = (
				A878F81826BE970D008109A7 /* AppManager.swift */,
				A878F81A26BE971E008109A7 /* Util.swift */,
				A8D90BD926BF67A600D52138 /* Extensions.swift */,
				A8D90BE226BF7DBF00D52138 /* DataManager.swift */,
			);
			path = Utils;
			sourceTree = "<group>";
		};
		A8D90BE126BF7BEF00D52138 /* RealmModel */ = {
			isa = PBXGroup;
			children = (
				A8D90BDF26BF7BDC00D52138 /* EmployeeItem.swift */,
				A80DF02626C18096000064A1 /* BestSellerItem.swift */,
				A80DF02826C180AC000064A1 /* BookItem.swift */,
			);
			path = RealmModel;
			sourceTree = "<group>";
		};
		EF1DE1F74B2C75D1ED4379DB /* Pods */ = {
			isa = PBXGroup;
			children = (
				754730D0B709FBDF9649B14F /* Pods-EmployeeRecord.debug.xcconfig */,
				9E7D28DD160ABD9615AECDA6 /* Pods-EmployeeRecord.release.xcconfig */,
				0651A8C3773B8CA9AB31670F /* Pods-EmployeeRecord-EmployeeRecordUITests.debug.xcconfig */,
				E820F46AFF8B51A8676223B4 /* Pods-EmployeeRecord-EmployeeRecordUITests.release.xcconfig */,
				10504DFE0060C306111323AF /* Pods-EmployeeRecordTests.debug.xcconfig */,
				7E5427CF46711E17676D814C /* Pods-EmployeeRecordTests.release.xcconfig */,
			);
			path = Pods;
			sourceTree = "<group>";
		};
		FDC2C30531467F598D3D7393 /* Frameworks */ = {
			isa = PBXGroup;
			children = (
				B4EEC5609DA3B6827C9CE427 /* Pods_EmployeeRecord.framework */,
				ABC88938B473B8CF0BDD1720 /* Pods_EmployeeRecord_EmployeeRecordUITests.framework */,
				3083ED939D28C8A6B4EC3259 /* Pods_EmployeeRecordTests.framework */,
			);
			name = Frameworks;
			sourceTree = "<group>";
		};
/* End PBXGroup section */

/* Begin PBXNativeTarget section */
		A856641326BE6B95000FE02F /* EmployeeRecord */ = {
			isa = PBXNativeTarget;
			buildConfigurationList = A856643E26BE6B9B000FE02F /* Build configuration list for PBXNativeTarget "EmployeeRecord" */;
			buildPhases = (
				A59A1EBEEB623BD0B4CD5BEF /* [CP] Check Pods Manifest.lock */,
				A856641026BE6B95000FE02F /* Sources */,
				A856641126BE6B95000FE02F /* Frameworks */,
				A856641226BE6B95000FE02F /* Resources */,
				52C4E2169C45B1CE272D25F5 /* [CP] Embed Pods Frameworks */,
			);
			buildRules = (
			);
			dependencies = (
			);
			name = EmployeeRecord;
			productName = EmployeeRecord;
			productReference = A856641426BE6B95000FE02F /* EmployeeRecord.app */;
			productType = "com.apple.product-type.application";
		};
		A856642926BE6B9B000FE02F /* EmployeeRecordTests */ = {
			isa = PBXNativeTarget;
			buildConfigurationList = A856644126BE6B9B000FE02F /* Build configuration list for PBXNativeTarget "EmployeeRecordTests" */;
			buildPhases = (
				82DF98AB58227DE6056A3F7D /* [CP] Check Pods Manifest.lock */,
				A856642626BE6B9B000FE02F /* Sources */,
				A856642726BE6B9B000FE02F /* Frameworks */,
				A856642826BE6B9B000FE02F /* Resources */,
			);
			buildRules = (
			);
			dependencies = (
				A856642C26BE6B9B000FE02F /* PBXTargetDependency */,
			);
			name = EmployeeRecordTests;
			productName = EmployeeRecordTests;
			productReference = A856642A26BE6B9B000FE02F /* EmployeeRecordTests.xctest */;
			productType = "com.apple.product-type.bundle.unit-test";
		};
		A856643426BE6B9B000FE02F /* EmployeeRecordUITests */ = {
			isa = PBXNativeTarget;
			buildConfigurationList = A856644426BE6B9B000FE02F /* Build configuration list for PBXNativeTarget "EmployeeRecordUITests" */;
			buildPhases = (
				2B29A0C1B39765DDEC817BBA /* [CP] Check Pods Manifest.lock */,
				A856643126BE6B9B000FE02F /* Sources */,
				A856643226BE6B9B000FE02F /* Frameworks */,
				A856643326BE6B9B000FE02F /* Resources */,
				0603689F8AD90BB5EABA4344 /* [CP] Embed Pods Frameworks */,
			);
			buildRules = (
			);
			dependencies = (
				A856643726BE6B9B000FE02F /* PBXTargetDependency */,
			);
			name = EmployeeRecordUITests;
			productName = EmployeeRecordUITests;
			productReference = A856643526BE6B9B000FE02F /* EmployeeRecordUITests.xctest */;
			productType = "com.apple.product-type.bundle.ui-testing";
		};
/* End PBXNativeTarget section */

/* Begin PBXProject section */
		A856640C26BE6B95000FE02F /* Project object */ = {
			isa = PBXProject;
			attributes = {
				LastSwiftUpdateCheck = 1250;
				LastUpgradeCheck = 1250;
				TargetAttributes = {
					A856641326BE6B95000FE02F = {
						CreatedOnToolsVersion = 12.5.1;
					};
					A856642926BE6B9B000FE02F = {
						CreatedOnToolsVersion = 12.5.1;
						TestTargetID = A856641326BE6B95000FE02F;
					};
					A856643426BE6B9B000FE02F = {
						CreatedOnToolsVersion = 12.5.1;
						TestTargetID = A856641326BE6B95000FE02F;
					};
				};
			};
			buildConfigurationList = A856640F26BE6B95000FE02F /* Build configuration list for PBXProject "EmployeeRecord" */;
			compatibilityVersion = "Xcode 9.3";
			developmentRegion = en;
			hasScannedForEncodings = 0;
			knownRegions = (
				en,
				Base,
			);
			mainGroup = A856640B26BE6B95000FE02F;
			productRefGroup = A856641526BE6B95000FE02F /* Products */;
			projectDirPath = "";
			projectRoot = "";
			targets = (
				A856641326BE6B95000FE02F /* EmployeeRecord */,
				A856642926BE6B9B000FE02F /* EmployeeRecordTests */,
				A856643426BE6B9B000FE02F /* EmployeeRecordUITests */,
			);
		};
/* End PBXProject section */

/* Begin PBXResourcesBuildPhase section */
		A856641226BE6B95000FE02F /* Resources */ = {
			isa = PBXResourcesBuildPhase;
			buildActionMask = 2147483647;
			files = (
				A856642426BE6B9B000FE02F /* LaunchScreen.storyboard in Resources */,
				A856642126BE6B9B000FE02F /* Assets.xcassets in Resources */,
				A856641F26BE6B95000FE02F /* Main.storyboard in Resources */,
			);
			runOnlyForDeploymentPostprocessing = 0;
		};
		A856642826BE6B9B000FE02F /* Resources */ = {
			isa = PBXResourcesBuildPhase;
			buildActionMask = 2147483647;
			files = (
			);
			runOnlyForDeploymentPostprocessing = 0;
		};
		A856643326BE6B9B000FE02F /* Resources */ = {
			isa = PBXResourcesBuildPhase;
			buildActionMask = 2147483647;
			files = (
			);
			runOnlyForDeploymentPostprocessing = 0;
		};
/* End PBXResourcesBuildPhase section */

/* Begin PBXShellScriptBuildPhase section */
		0603689F8AD90BB5EABA4344 /* [CP] Embed Pods Frameworks */ = {
			isa = PBXShellScriptBuildPhase;
			buildActionMask = 2147483647;
			files = (
			);
			inputFileListPaths = (
				"${PODS_ROOT}/Target Support Files/Pods-EmployeeRecord-EmployeeRecordUITests/Pods-EmployeeRecord-EmployeeRecordUITests-frameworks-${CONFIGURATION}-input-files.xcfilelist",
			);
			name = "[CP] Embed Pods Frameworks";
			outputFileListPaths = (
				"${PODS_ROOT}/Target Support Files/Pods-EmployeeRecord-EmployeeRecordUITests/Pods-EmployeeRecord-EmployeeRecordUITests-frameworks-${CONFIGURATION}-output-files.xcfilelist",
			);
			runOnlyForDeploymentPostprocessing = 0;
			shellPath = /bin/sh;
			shellScript = "\"${PODS_ROOT}/Target Support Files/Pods-EmployeeRecord-EmployeeRecordUITests/Pods-EmployeeRecord-EmployeeRecordUITests-frameworks.sh\"\n";
			showEnvVarsInLog = 0;
		};
		2B29A0C1B39765DDEC817BBA /* [CP] Check Pods Manifest.lock */ = {
			isa = PBXShellScriptBuildPhase;
			buildActionMask = 2147483647;
			files = (
			);
			inputFileListPaths = (
			);
			inputPaths = (
				"${PODS_PODFILE_DIR_PATH}/Podfile.lock",
				"${PODS_ROOT}/Manifest.lock",
			);
			name = "[CP] Check Pods Manifest.lock";
			outputFileListPaths = (
			);
			outputPaths = (
				"$(DERIVED_FILE_DIR)/Pods-EmployeeRecord-EmployeeRecordUITests-checkManifestLockResult.txt",
			);
			runOnlyForDeploymentPostprocessing = 0;
			shellPath = /bin/sh;
			shellScript = "diff \"${PODS_PODFILE_DIR_PATH}/Podfile.lock\" \"${PODS_ROOT}/Manifest.lock\" > /dev/null\nif [ $? != 0 ] ; then\n    # print error to STDERR\n    echo \"error: The sandbox is not in sync with the Podfile.lock. Run 'pod install' or update your CocoaPods installation.\" >&2\n    exit 1\nfi\n# This output is used by Xcode 'outputs' to avoid re-running this script phase.\necho \"SUCCESS\" > \"${SCRIPT_OUTPUT_FILE_0}\"\n";
			showEnvVarsInLog = 0;
		};
		52C4E2169C45B1CE272D25F5 /* [CP] Embed Pods Frameworks */ = {
			isa = PBXShellScriptBuildPhase;
			buildActionMask = 2147483647;
			files = (
			);
			inputFileListPaths = (
				"${PODS_ROOT}/Target Support Files/Pods-EmployeeRecord/Pods-EmployeeRecord-frameworks-${CONFIGURATION}-input-files.xcfilelist",
			);
			name = "[CP] Embed Pods Frameworks";
			outputFileListPaths = (
				"${PODS_ROOT}/Target Support Files/Pods-EmployeeRecord/Pods-EmployeeRecord-frameworks-${CONFIGURATION}-output-files.xcfilelist",
			);
			runOnlyForDeploymentPostprocessing = 0;
			shellPath = /bin/sh;
			shellScript = "\"${PODS_ROOT}/Target Support Files/Pods-EmployeeRecord/Pods-EmployeeRecord-frameworks.sh\"\n";
			showEnvVarsInLog = 0;
		};
		82DF98AB58227DE6056A3F7D /* [CP] Check Pods Manifest.lock */ = {
			isa = PBXShellScriptBuildPhase;
			buildActionMask = 2147483647;
			files = (
			);
			inputFileListPaths = (
			);
			inputPaths = (
				"${PODS_PODFILE_DIR_PATH}/Podfile.lock",
				"${PODS_ROOT}/Manifest.lock",
			);
			name = "[CP] Check Pods Manifest.lock";
			outputFileListPaths = (
			);
			outputPaths = (
				"$(DERIVED_FILE_DIR)/Pods-EmployeeRecordTests-checkManifestLockResult.txt",
			);
			runOnlyForDeploymentPostprocessing = 0;
			shellPath = /bin/sh;
			shellScript = "diff \"${PODS_PODFILE_DIR_PATH}/Podfile.lock\" \"${PODS_ROOT}/Manifest.lock\" > /dev/null\nif [ $? != 0 ] ; then\n    # print error to STDERR\n    echo \"error: The sandbox is not in sync with the Podfile.lock. Run 'pod install' or update your CocoaPods installation.\" >&2\n    exit 1\nfi\n# This output is used by Xcode 'outputs' to avoid re-running this script phase.\necho \"SUCCESS\" > \"${SCRIPT_OUTPUT_FILE_0}\"\n";
			showEnvVarsInLog = 0;
		};
		A59A1EBEEB623BD0B4CD5BEF /* [CP] Check Pods Manifest.lock */ = {
			isa = PBXShellScriptBuildPhase;
			buildActionMask = 2147483647;
			files = (
			);
			inputFileListPaths = (
			);
			inputPaths = (
				"${PODS_PODFILE_DIR_PATH}/Podfile.lock",
				"${PODS_ROOT}/Manifest.lock",
			);
			name = "[CP] Check Pods Manifest.lock";
			outputFileListPaths = (
			);
			outputPaths = (
				"$(DERIVED_FILE_DIR)/Pods-EmployeeRecord-checkManifestLockResult.txt",
			);
			runOnlyForDeploymentPostprocessing = 0;
			shellPath = /bin/sh;
			shellScript = "diff \"${PODS_PODFILE_DIR_PATH}/Podfile.lock\" \"${PODS_ROOT}/Manifest.lock\" > /dev/null\nif [ $? != 0 ] ; then\n    # print error to STDERR\n    echo \"error: The sandbox is not in sync with the Podfile.lock. Run 'pod install' or update your CocoaPods installation.\" >&2\n    exit 1\nfi\n# This output is used by Xcode 'outputs' to avoid re-running this script phase.\necho \"SUCCESS\" > \"${SCRIPT_OUTPUT_FILE_0}\"\n";
			showEnvVarsInLog = 0;
		};
/* End PBXShellScriptBuildPhase section */

/* Begin PBXSourcesBuildPhase section */
		A856641026BE6B95000FE02F /* Sources */ = {
			isa = PBXSourcesBuildPhase;
			buildActionMask = 2147483647;
			files = (
				A8D90BE726BFDC6B00D52138 /* APIService.swift in Sources */,
				A80995F626BE72C90071A183 /* EmployeesVC.swift in Sources */,
				A8D90BE326BF7DBF00D52138 /* DataManager.swift in Sources */,
				A8DE3DFE26C3BF040089FB95 /* Top5BooksVC.swift in Sources */,
				A878F81B26BE971E008109A7 /* Util.swift in Sources */,
				A80995F926BE7DAC0071A183 /* DefaultTableViewCell.swift in Sources */,
				A8D90BDE26BF7A0D00D52138 /* BaseModel.swift in Sources */,
				A8D90BE026BF7BDC00D52138 /* EmployeeItem.swift in Sources */,
				A80DF02926C180AC000064A1 /* BookItem.swift in Sources */,
				A8D90BD826BF654900D52138 /* Employee.swift in Sources */,
				A856641C26BE6B95000FE02F /* ViewController.swift in Sources */,
				A81068D526C4250A00F31FC8 /* BookWithCoverCell.swift in Sources */,
				A80DF02726C18096000064A1 /* BestSellerItem.swift in Sources */,
				A80995FD26BE7FF20071A183 /* NewEmployeeVC.swift in Sources */,
				A8D90BE926BFE48400D52138 /* BestSeller.swift in Sources */,
				A8F8804826C20837003672C4 /* ProvincesVC.swift in Sources */,
				A8D90BED26BFF27300D52138 /* BestSellersVC.swift in Sources */,
				A8D90BEB26BFE9DA00D52138 /* Book.swift in Sources */,
				A856641826BE6B95000FE02F /* AppDelegate.swift in Sources */,
				A8D90BE526BFDBC500D52138 /* APITarget.swift in Sources */,
				A80995FF26BE807C0071A183 /* BaseVC.swift in Sources */,
				A80995FB26BE7E4C0071A183 /* EmployeeCell.swift in Sources */,
				A8D90BDA26BF67A600D52138 /* Extensions.swift in Sources */,
				A8A0D3C626C12B820025D233 /* BooksVC.swift in Sources */,
				A878F81926BE970D008109A7 /* AppManager.swift in Sources */,
			);
			runOnlyForDeploymentPostprocessing = 0;
		};
		A856642626BE6B9B000FE02F /* Sources */ = {
			isa = PBXSourcesBuildPhase;
			buildActionMask = 2147483647;
			files = (
				A856642F26BE6B9B000FE02F /* EmployeeRecordTests.swift in Sources */,
			);
			runOnlyForDeploymentPostprocessing = 0;
		};
		A856643126BE6B9B000FE02F /* Sources */ = {
			isa = PBXSourcesBuildPhase;
			buildActionMask = 2147483647;
			files = (
				A856643A26BE6B9B000FE02F /* EmployeeRecordUITests.swift in Sources */,
			);
			runOnlyForDeploymentPostprocessing = 0;
		};
/* End PBXSourcesBuildPhase section */

/* Begin PBXTargetDependency section */
		A856642C26BE6B9B000FE02F /* PBXTargetDependency */ = {
			isa = PBXTargetDependency;
			target = A856641326BE6B95000FE02F /* EmployeeRecord */;
			targetProxy = A856642B26BE6B9B000FE02F /* PBXContainerItemProxy */;
		};
		A856643726BE6B9B000FE02F /* PBXTargetDependency */ = {
			isa = PBXTargetDependency;
			target = A856641326BE6B95000FE02F /* EmployeeRecord */;
			targetProxy = A856643626BE6B9B000FE02F /* PBXContainerItemProxy */;
		};
/* End PBXTargetDependency section */

/* Begin PBXVariantGroup section */
		A856641D26BE6B95000FE02F /* Main.storyboard */ = {
			isa = PBXVariantGroup;
			children = (
				A856641E26BE6B95000FE02F /* Base */,
			);
			name = Main.storyboard;
			sourceTree = "<group>";
		};
		A856642226BE6B9B000FE02F /* LaunchScreen.storyboard */ = {
			isa = PBXVariantGroup;
			children = (
				A856642326BE6B9B000FE02F /* Base */,
			);
			name = LaunchScreen.storyboard;
			sourceTree = "<group>";
		};
/* End PBXVariantGroup section */

/* Begin XCBuildConfiguration section */
		A856643C26BE6B9B000FE02F /* Debug */ = {
			isa = XCBuildConfiguration;
			buildSettings = {
				ALWAYS_EMBED_SWIFT_STANDARD_LIBRARIES = "$(inherited)";
				ALWAYS_SEARCH_USER_PATHS = NO;
				CLANG_ANALYZER_NONNULL = YES;
				CLANG_ANALYZER_NUMBER_OBJECT_CONVERSION = YES_AGGRESSIVE;
				CLANG_CXX_LANGUAGE_STANDARD = "gnu++14";
				CLANG_CXX_LIBRARY = "libc++";
				CLANG_ENABLE_MODULES = YES;
				CLANG_ENABLE_OBJC_ARC = YES;
				CLANG_ENABLE_OBJC_WEAK = YES;
				CLANG_WARN_BLOCK_CAPTURE_AUTORELEASING = YES;
				CLANG_WARN_BOOL_CONVERSION = YES;
				CLANG_WARN_COMMA = YES;
				CLANG_WARN_CONSTANT_CONVERSION = YES;
				CLANG_WARN_DEPRECATED_OBJC_IMPLEMENTATIONS = YES;
				CLANG_WARN_DIRECT_OBJC_ISA_USAGE = YES_ERROR;
				CLANG_WARN_DOCUMENTATION_COMMENTS = YES;
				CLANG_WARN_EMPTY_BODY = YES;
				CLANG_WARN_ENUM_CONVERSION = YES;
				CLANG_WARN_INFINITE_RECURSION = YES;
				CLANG_WARN_INT_CONVERSION = YES;
				CLANG_WARN_NON_LITERAL_NULL_CONVERSION = YES;
				CLANG_WARN_OBJC_IMPLICIT_RETAIN_SELF = YES;
				CLANG_WARN_OBJC_LITERAL_CONVERSION = YES;
				CLANG_WARN_OBJC_ROOT_CLASS = YES_ERROR;
				CLANG_WARN_QUOTED_INCLUDE_IN_FRAMEWORK_HEADER = YES;
				CLANG_WARN_RANGE_LOOP_ANALYSIS = YES;
				CLANG_WARN_STRICT_PROTOTYPES = YES;
				CLANG_WARN_SUSPICIOUS_MOVE = YES;
				CLANG_WARN_UNGUARDED_AVAILABILITY = YES_AGGRESSIVE;
				CLANG_WARN_UNREACHABLE_CODE = YES;
				CLANG_WARN__DUPLICATE_METHOD_MATCH = YES;
				COPY_PHASE_STRIP = NO;
				DEBUG_INFORMATION_FORMAT = dwarf;
				ENABLE_STRICT_OBJC_MSGSEND = YES;
				ENABLE_TESTABILITY = YES;
				GCC_C_LANGUAGE_STANDARD = gnu11;
				GCC_DYNAMIC_NO_PIC = NO;
				GCC_NO_COMMON_BLOCKS = YES;
				GCC_OPTIMIZATION_LEVEL = 0;
				GCC_PREPROCESSOR_DEFINITIONS = (
					"DEBUG=1",
					"$(inherited)",
				);
				GCC_WARN_64_TO_32_BIT_CONVERSION = YES;
				GCC_WARN_ABOUT_RETURN_TYPE = YES_ERROR;
				GCC_WARN_UNDECLARED_SELECTOR = YES;
				GCC_WARN_UNINITIALIZED_AUTOS = YES_AGGRESSIVE;
				GCC_WARN_UNUSED_FUNCTION = YES;
				GCC_WARN_UNUSED_VARIABLE = YES;
				IPHONEOS_DEPLOYMENT_TARGET = 11.0;
				MTL_ENABLE_DEBUG_INFO = INCLUDE_SOURCE;
				MTL_FAST_MATH = YES;
				ONLY_ACTIVE_ARCH = YES;
				SDKROOT = iphoneos;
				SWIFT_ACTIVE_COMPILATION_CONDITIONS = DEBUG;
				SWIFT_OPTIMIZATION_LEVEL = "-Onone";
			};
			name = Debug;
		};
		A856643D26BE6B9B000FE02F /* Release */ = {
			isa = XCBuildConfiguration;
			buildSettings = {
				ALWAYS_EMBED_SWIFT_STANDARD_LIBRARIES = "$(inherited)";
				ALWAYS_SEARCH_USER_PATHS = NO;
				CLANG_ANALYZER_NONNULL = YES;
				CLANG_ANALYZER_NUMBER_OBJECT_CONVERSION = YES_AGGRESSIVE;
				CLANG_CXX_LANGUAGE_STANDARD = "gnu++14";
				CLANG_CXX_LIBRARY = "libc++";
				CLANG_ENABLE_MODULES = YES;
				CLANG_ENABLE_OBJC_ARC = YES;
				CLANG_ENABLE_OBJC_WEAK = YES;
				CLANG_WARN_BLOCK_CAPTURE_AUTORELEASING = YES;
				CLANG_WARN_BOOL_CONVERSION = YES;
				CLANG_WARN_COMMA = YES;
				CLANG_WARN_CONSTANT_CONVERSION = YES;
				CLANG_WARN_DEPRECATED_OBJC_IMPLEMENTATIONS = YES;
				CLANG_WARN_DIRECT_OBJC_ISA_USAGE = YES_ERROR;
				CLANG_WARN_DOCUMENTATION_COMMENTS = YES;
				CLANG_WARN_EMPTY_BODY = YES;
				CLANG_WARN_ENUM_CONVERSION = YES;
				CLANG_WARN_INFINITE_RECURSION = YES;
				CLANG_WARN_INT_CONVERSION = YES;
				CLANG_WARN_NON_LITERAL_NULL_CONVERSION = YES;
				CLANG_WARN_OBJC_IMPLICIT_RETAIN_SELF = YES;
				CLANG_WARN_OBJC_LITERAL_CONVERSION = YES;
				CLANG_WARN_OBJC_ROOT_CLASS = YES_ERROR;
				CLANG_WARN_QUOTED_INCLUDE_IN_FRAMEWORK_HEADER = YES;
				CLANG_WARN_RANGE_LOOP_ANALYSIS = YES;
				CLANG_WARN_STRICT_PROTOTYPES = YES;
				CLANG_WARN_SUSPICIOUS_MOVE = YES;
				CLANG_WARN_UNGUARDED_AVAILABILITY = YES_AGGRESSIVE;
				CLANG_WARN_UNREACHABLE_CODE = YES;
				CLANG_WARN__DUPLICATE_METHOD_MATCH = YES;
				COPY_PHASE_STRIP = NO;
				DEBUG_INFORMATION_FORMAT = "dwarf-with-dsym";
				ENABLE_NS_ASSERTIONS = NO;
				ENABLE_STRICT_OBJC_MSGSEND = YES;
				GCC_C_LANGUAGE_STANDARD = gnu11;
				GCC_NO_COMMON_BLOCKS = YES;
				GCC_WARN_64_TO_32_BIT_CONVERSION = YES;
				GCC_WARN_ABOUT_RETURN_TYPE = YES_ERROR;
				GCC_WARN_UNDECLARED_SELECTOR = YES;
				GCC_WARN_UNINITIALIZED_AUTOS = YES_AGGRESSIVE;
				GCC_WARN_UNUSED_FUNCTION = YES;
				GCC_WARN_UNUSED_VARIABLE = YES;
				IPHONEOS_DEPLOYMENT_TARGET = 11.0;
				MTL_ENABLE_DEBUG_INFO = NO;
				MTL_FAST_MATH = YES;
				SDKROOT = iphoneos;
				SWIFT_COMPILATION_MODE = wholemodule;
				SWIFT_OPTIMIZATION_LEVEL = "-O";
				VALIDATE_PRODUCT = YES;
			};
			name = Release;
		};
		A856643F26BE6B9B000FE02F /* Debug */ = {
			isa = XCBuildConfiguration;
			baseConfigurationReference = 754730D0B709FBDF9649B14F /* Pods-EmployeeRecord.debug.xcconfig */;
			buildSettings = {
				ALWAYS_EMBED_SWIFT_STANDARD_LIBRARIES = "$(inherited)";
				ASSETCATALOG_COMPILER_APPICON_NAME = AppIcon;
				ASSETCATALOG_COMPILER_GLOBAL_ACCENT_COLOR_NAME = AccentColor;
				CODE_SIGN_STYLE = Automatic;
				DEVELOPMENT_TEAM = 837FGQ692S;
				INFOPLIST_FILE = EmployeeRecord/Info.plist;
				LD_RUNPATH_SEARCH_PATHS = (
					"$(inherited)",
					"@executable_path/Frameworks",
				);
				PRODUCT_BUNDLE_IDENTIFIER = com.employees.record.EmployeeRecord;
				PRODUCT_NAME = "$(TARGET_NAME)";
				SWIFT_VERSION = 5.0;
				TARGETED_DEVICE_FAMILY = "1,2";
			};
			name = Debug;
		};
		A856644026BE6B9B000FE02F /* Release */ = {
			isa = XCBuildConfiguration;
			baseConfigurationReference = 9E7D28DD160ABD9615AECDA6 /* Pods-EmployeeRecord.release.xcconfig */;
			buildSettings = {
				ALWAYS_EMBED_SWIFT_STANDARD_LIBRARIES = "$(inherited)";
				ASSETCATALOG_COMPILER_APPICON_NAME = AppIcon;
				ASSETCATALOG_COMPILER_GLOBAL_ACCENT_COLOR_NAME = AccentColor;
				CODE_SIGN_STYLE = Automatic;
				DEVELOPMENT_TEAM = 837FGQ692S;
				INFOPLIST_FILE = EmployeeRecord/Info.plist;
				LD_RUNPATH_SEARCH_PATHS = (
					"$(inherited)",
					"@executable_path/Frameworks",
				);
				PRODUCT_BUNDLE_IDENTIFIER = com.employees.record.EmployeeRecord;
				PRODUCT_NAME = "$(TARGET_NAME)";
				SWIFT_VERSION = 5.0;
				TARGETED_DEVICE_FAMILY = "1,2";
			};
			name = Release;
		};
		A856644226BE6B9B000FE02F /* Debug */ = {
			isa = XCBuildConfiguration;
			baseConfigurationReference = 10504DFE0060C306111323AF /* Pods-EmployeeRecordTests.debug.xcconfig */;
			buildSettings = {
				ALWAYS_EMBED_SWIFT_STANDARD_LIBRARIES = "$(inherited)";
				BUNDLE_LOADER = "$(TEST_HOST)";
				CODE_SIGN_STYLE = Automatic;
				DEVELOPMENT_TEAM = 837FGQ692S;
				INFOPLIST_FILE = EmployeeRecordTests/Info.plist;
				IPHONEOS_DEPLOYMENT_TARGET = 14.5;
				LD_RUNPATH_SEARCH_PATHS = (
					"$(inherited)",
					"@executable_path/Frameworks",
					"@loader_path/Frameworks",
				);
				PRODUCT_BUNDLE_IDENTIFIER = com.employees.record.EmployeeRecordTests;
				PRODUCT_NAME = "$(TARGET_NAME)";
				SWIFT_VERSION = 5.0;
				TARGETED_DEVICE_FAMILY = "1,2";
				TEST_HOST = "$(BUILT_PRODUCTS_DIR)/EmployeeRecord.app/EmployeeRecord";
			};
			name = Debug;
		};
		A856644326BE6B9B000FE02F /* Release */ = {
			isa = XCBuildConfiguration;
			baseConfigurationReference = 7E5427CF46711E17676D814C /* Pods-EmployeeRecordTests.release.xcconfig */;
			buildSettings = {
				ALWAYS_EMBED_SWIFT_STANDARD_LIBRARIES = "$(inherited)";
				BUNDLE_LOADER = "$(TEST_HOST)";
				CODE_SIGN_STYLE = Automatic;
				DEVELOPMENT_TEAM = 837FGQ692S;
				INFOPLIST_FILE = EmployeeRecordTests/Info.plist;
				IPHONEOS_DEPLOYMENT_TARGET = 14.5;
				LD_RUNPATH_SEARCH_PATHS = (
					"$(inherited)",
					"@executable_path/Frameworks",
					"@loader_path/Frameworks",
				);
				PRODUCT_BUNDLE_IDENTIFIER = com.employees.record.EmployeeRecordTests;
				PRODUCT_NAME = "$(TARGET_NAME)";
				SWIFT_VERSION = 5.0;
				TARGETED_DEVICE_FAMILY = "1,2";
				TEST_HOST = "$(BUILT_PRODUCTS_DIR)/EmployeeRecord.app/EmployeeRecord";
			};
			name = Release;
		};
		A856644526BE6B9B000FE02F /* Debug */ = {
			isa = XCBuildConfiguration;
			baseConfigurationReference = 0651A8C3773B8CA9AB31670F /* Pods-EmployeeRecord-EmployeeRecordUITests.debug.xcconfig */;
			buildSettings = {
				ALWAYS_EMBED_SWIFT_STANDARD_LIBRARIES = "$(inherited)";
				CODE_SIGN_STYLE = Automatic;
				DEVELOPMENT_TEAM = 837FGQ692S;
				INFOPLIST_FILE = EmployeeRecordUITests/Info.plist;
				LD_RUNPATH_SEARCH_PATHS = (
					"$(inherited)",
					"@executable_path/Frameworks",
					"@loader_path/Frameworks",
				);
				PRODUCT_BUNDLE_IDENTIFIER = com.employees.record.EmployeeRecordUITests;
				PRODUCT_NAME = "$(TARGET_NAME)";
				SWIFT_VERSION = 5.0;
				TARGETED_DEVICE_FAMILY = "1,2";
				TEST_TARGET_NAME = EmployeeRecord;
			};
			name = Debug;
		};
		A856644626BE6B9B000FE02F /* Release */ = {
			isa = XCBuildConfiguration;
			baseConfigurationReference = E820F46AFF8B51A8676223B4 /* Pods-EmployeeRecord-EmployeeRecordUITests.release.xcconfig */;
			buildSettings = {
				ALWAYS_EMBED_SWIFT_STANDARD_LIBRARIES = "$(inherited)";
				CODE_SIGN_STYLE = Automatic;
				DEVELOPMENT_TEAM = 837FGQ692S;
				INFOPLIST_FILE = EmployeeRecordUITests/Info.plist;
				LD_RUNPATH_SEARCH_PATHS = (
					"$(inherited)",
					"@executable_path/Frameworks",
					"@loader_path/Frameworks",
				);
				PRODUCT_BUNDLE_IDENTIFIER = com.employees.record.EmployeeRecordUITests;
				PRODUCT_NAME = "$(TARGET_NAME)";
				SWIFT_VERSION = 5.0;
				TARGETED_DEVICE_FAMILY = "1,2";
				TEST_TARGET_NAME = EmployeeRecord;
			};
			name = Release;
		};
/* End XCBuildConfiguration section */

/* Begin XCConfigurationList section */
		A856640F26BE6B95000FE02F /* Build configuration list for PBXProject "EmployeeRecord" */ = {
			isa = XCConfigurationList;
			buildConfigurations = (
				A856643C26BE6B9B000FE02F /* Debug */,
				A856643D26BE6B9B000FE02F /* Release */,
			);
			defaultConfigurationIsVisible = 0;
			defaultConfigurationName = Release;
		};
		A856643E26BE6B9B000FE02F /* Build configuration list for PBXNativeTarget "EmployeeRecord" */ = {
			isa = XCConfigurationList;
			buildConfigurations = (
				A856643F26BE6B9B000FE02F /* Debug */,
				A856644026BE6B9B000FE02F /* Release */,
			);
			defaultConfigurationIsVisible = 0;
			defaultConfigurationName = Release;
		};
		A856644126BE6B9B000FE02F /* Build configuration list for PBXNativeTarget "EmployeeRecordTests" */ = {
			isa = XCConfigurationList;
			buildConfigurations = (
				A856644226BE6B9B000FE02F /* Debug */,
				A856644326BE6B9B000FE02F /* Release */,
			);
			defaultConfigurationIsVisible = 0;
			defaultConfigurationName = Release;
		};
		A856644426BE6B9B000FE02F /* Build configuration list for PBXNativeTarget "EmployeeRecordUITests" */ = {
			isa = XCConfigurationList;
			buildConfigurations = (
				A856644526BE6B9B000FE02F /* Debug */,
				A856644626BE6B9B000FE02F /* Release */,
			);
			defaultConfigurationIsVisible = 0;
			defaultConfigurationName = Release;
		};
/* End XCConfigurationList section */
	};
	rootObject = A856640C26BE6B95000FE02F /* Project object */;
}
